
Microsoft Visual Studio Solution File, Format Version 12.00
Project("{FAE04EC0-301F-11D3-BF4B-00C04F79EFBC}") = "OneDriveRipper", "OneDriveRipper\OneDriveRipper.csproj", "{EEBA9878-DD1D-4629-B1B4-1038F425DCF2}"
EndProject
Global
	GlobalSection(SolutionConfigurationPlatforms) = preSolution
		Debug|Any CPU = Debug|Any CPU
		Release|Any CPU = Release|Any CPU
	EndGlobalSection
	GlobalSection(ProjectConfigurationPlatforms) = postSolution
		{EEBA9878-DD1D-4629-B1B4-1038F425DCF2}.Debug|Any CPU.ActiveCfg = Debug|Any CPU
		{EEBA9878-DD1D-4629-B1B4-1038F425DCF2}.Debug|Any CPU.Build.0 = Debug|Any CPU
		{EEBA9878-DD1D-4629-B1B4-1038F425DCF2}.Release|Any CPU.ActiveCfg = Release|Any CPU
		{EEBA9878-DD1D-4629-B1B4-1038F425DCF2}.Release|Any CPU.Build.0 = Release|Any CPU
	EndGlobalSection
EndGlobal
